{
  "version": 4,
  "terraform_version": "1.3.6",
  "serial": 16,
  "lineage": "75de35ba-adb0-dc4d-d0d8-3cf5bfe11007",
  "outputs": {
    "atlantis_ip": {
      "value": "54.255.87.29",
      "type": "string"
    },
    "atlantis_ssh_user": {
      "value": "ubuntu",
      "type": "string"
    },
    "atlantis_xip_domain": {
      "value": "54.255.87.29.xip.io",
      "type": "string"
    }
  },
  "resources": [
    {
      "mode": "managed",
      "type": "aws_dynamodb_table",
      "name": "terraform_lock",
      "provider": "provider[\"registry.terraform.io/hashicorp/aws\"]",
      "instances": [
        {
          "schema_version": 1,
          "attributes": {
            "arn": "arn:aws:dynamodb:ap-southeast-1:627315336549:table/terraform-lock",
            "attribute": [
              {
                "name": "LockID",
                "type": "S"
              }
            ],
            "billing_mode": "PROVISIONED",
            "global_secondary_index": [],
            "hash_key": "LockID",
            "id": "terraform-lock",
            "local_secondary_index": [],
            "name": "terraform-lock",
            "point_in_time_recovery": [
              {
                "enabled": false
              }
            ],
            "range_key": null,
            "read_capacity": 10,
            "replica": [],
            "restore_date_time": null,
            "restore_source_name": null,
            "restore_to_latest_time": null,
            "server_side_encryption": [],
            "stream_arn": "",
            "stream_enabled": false,
            "stream_label": "",
            "stream_view_type": "",
            "table_class": "",
            "tags": null,
            "tags_all": {},
            "timeouts": null,
            "ttl": [
              {
                "attribute_name": "",
                "enabled": false
              }
            ],
            "write_capacity": 10
          },
          "sensitive_attributes": [],
          "private": "eyJlMmJmYjczMC1lY2FhLTExZTYtOGY4OC0zNDM2M2JjN2M0YzAiOnsiY3JlYXRlIjoxODAwMDAwMDAwMDAwLCJkZWxldGUiOjYwMDAwMDAwMDAwMCwidXBkYXRlIjozNjAwMDAwMDAwMDAwfSwic2NoZW1hX3ZlcnNpb24iOiIxIn0="
        }
      ]
    },
    {
      "module": "module.atlantis",
      "mode": "data",
      "type": "aws_ami",
      "name": "focal",
      "provider": "provider[\"registry.terraform.io/hashicorp/aws\"]",
      "instances": [
        {
          "schema_version": 0,
          "attributes": {
            "architecture": "x86_64",
            "arn": "arn:aws:ec2:ap-southeast-1::image/ami-0075a67de5ab4fa5e",
            "block_device_mappings": [
              {
                "device_name": "/dev/sda1",
                "ebs": {
                  "delete_on_termination": "true",
                  "encrypted": "false",
                  "iops": "0",
                  "snapshot_id": "snap-0b1a5443b9e0d1eb9",
                  "throughput": "0",
                  "volume_size": "8",
                  "volume_type": "gp2"
                },
                "no_device": "",
                "virtual_name": ""
              },
              {
                "device_name": "/dev/sdb",
                "ebs": {},
                "no_device": "",
                "virtual_name": "ephemeral0"
              },
              {
                "device_name": "/dev/sdc",
                "ebs": {},
                "no_device": "",
                "virtual_name": "ephemeral1"
              }
            ],
            "boot_mode": "",
            "creation_date": "2023-02-15T17:21:24.000Z",
            "deprecation_time": "2025-02-15T17:21:24.000Z",
            "description": "Canonical, Ubuntu, 18.04 LTS, amd64 bionic image build on 2023-02-15",
            "ena_support": true,
            "executable_users": null,
            "filter": [
              {
                "name": "name",
                "values": [
                  "ubuntu/images/hvm-ssd/ubuntu-bionic-18.04-amd64-server-*"
                ]
              }
            ],
            "hypervisor": "xen",
            "id": "ami-0075a67de5ab4fa5e",
            "image_id": "ami-0075a67de5ab4fa5e",
            "image_location": "amazon/ubuntu/images/hvm-ssd/ubuntu-bionic-18.04-amd64-server-20230215",
            "image_owner_alias": "amazon",
            "image_type": "machine",
            "imds_support": "",
            "include_deprecated": false,
            "kernel_id": "",
            "most_recent": true,
            "name": "ubuntu/images/hvm-ssd/ubuntu-bionic-18.04-amd64-server-20230215",
            "name_regex": null,
            "owner_id": "099720109477",
            "owners": [
              "099720109477"
            ],
            "platform": "",
            "platform_details": "Linux/UNIX",
            "product_codes": [],
            "public": true,
            "ramdisk_id": "",
            "root_device_name": "/dev/sda1",
            "root_device_type": "ebs",
            "root_snapshot_id": "snap-0b1a5443b9e0d1eb9",
            "sriov_net_support": "simple",
            "state": "available",
            "state_reason": {
              "code": "UNSET",
              "message": "UNSET"
            },
            "tags": {},
            "timeouts": null,
            "tpm_support": "",
            "usage_operation": "RunInstances",
            "virtualization_type": "hvm"
          },
          "sensitive_attributes": []
        }
      ]
    },
    {
      "module": "module.atlantis",
      "mode": "data",
      "type": "aws_iam_policy_document",
      "name": "ec2_trust_policy",
      "provider": "provider[\"registry.terraform.io/hashicorp/aws\"]",
      "instances": [
        {
          "schema_version": 0,
          "attributes": {
            "id": "1903849331",
            "json": "{\n  \"Version\": \"2012-10-17\",\n  \"Statement\": [\n    {\n      \"Sid\": \"\",\n      \"Effect\": \"Allow\",\n      \"Action\": \"sts:AssumeRole\",\n      \"Principal\": {\n        \"Service\": \"ec2.amazonaws.com\"\n      }\n    }\n  ]\n}",
            "override_json": null,
            "override_policy_documents": null,
            "policy_id": null,
            "source_json": null,
            "source_policy_documents": null,
            "statement": [
              {
                "actions": [
                  "sts:AssumeRole"
                ],
                "condition": [],
                "effect": "Allow",
                "not_actions": [],
                "not_principals": [],
                "not_resources": [],
                "principals": [
                  {
                    "identifiers": [
                      "ec2.amazonaws.com"
                    ],
                    "type": "Service"
                  }
                ],
                "resources": [],
                "sid": ""
              }
            ],
            "version": "2012-10-17"
          },
          "sensitive_attributes": []
        }
      ]
    },
    {
      "module": "module.atlantis",
      "mode": "data",
      "type": "aws_subnet",
      "name": "self",
      "provider": "provider[\"registry.terraform.io/hashicorp/aws\"]",
      "instances": [
        {
          "schema_version": 0,
          "attributes": {
            "arn": "arn:aws:ec2:ap-southeast-1:627315336549:subnet/subnet-072933a6322d83889",
            "assign_ipv6_address_on_creation": false,
            "availability_zone": "ap-southeast-1a",
            "availability_zone_id": "apse1-az2",
            "available_ip_address_count": 4086,
            "cidr_block": "172.31.16.0/20",
            "customer_owned_ipv4_pool": "",
            "default_for_az": true,
            "enable_dns64": false,
            "enable_resource_name_dns_a_record_on_launch": false,
            "enable_resource_name_dns_aaaa_record_on_launch": false,
            "filter": null,
            "id": "subnet-072933a6322d83889",
            "ipv6_cidr_block": "",
            "ipv6_cidr_block_association_id": "",
            "ipv6_native": false,
            "map_customer_owned_ip_on_launch": false,
            "map_public_ip_on_launch": true,
            "outpost_arn": "",
            "owner_id": "627315336549",
            "private_dns_hostname_type_on_launch": "ip-name",
            "state": "available",
            "tags": {},
            "timeouts": null,
            "vpc_id": "vpc-07cfc94aee4a81d01"
          },
          "sensitive_attributes": []
        }
      ]
    },
    {
      "module": "module.atlantis",
      "mode": "data",
      "type": "aws_subnet_ids",
      "name": "default",
      "provider": "provider[\"registry.terraform.io/hashicorp/aws\"]",
      "instances": [
        {
          "schema_version": 0,
          "attributes": {
            "filter": null,
            "id": "vpc-07cfc94aee4a81d01",
            "ids": [
              "subnet-072933a6322d83889",
              "subnet-0e53fb4c18edb416e"
            ],
            "tags": null,
            "timeouts": null,
            "vpc_id": "vpc-07cfc94aee4a81d01"
          },
          "sensitive_attributes": []
        }
      ]
    },
    {
      "module": "module.atlantis",
      "mode": "data",
      "type": "aws_vpc",
      "name": "default",
      "provider": "provider[\"registry.terraform.io/hashicorp/aws\"]",
      "instances": [
        {
          "schema_version": 0,
          "attributes": {
            "arn": "arn:aws:ec2:ap-southeast-1:627315336549:vpc/vpc-07cfc94aee4a81d01",
            "cidr_block": "172.31.0.0/16",
            "cidr_block_associations": [
              {
                "association_id": "vpc-cidr-assoc-00abefc5a8fd1c361",
                "cidr_block": "172.31.0.0/16",
                "state": "associated"
              }
            ],
            "default": true,
            "dhcp_options_id": "dopt-d1bb5fb6",
            "enable_dns_hostnames": true,
            "enable_dns_support": true,
            "enable_network_address_usage_metrics": false,
            "filter": null,
            "id": "vpc-07cfc94aee4a81d01",
            "instance_tenancy": "default",
            "ipv6_association_id": "",
            "ipv6_cidr_block": "",
            "main_route_table_id": "rtb-01676dbb31c184870",
            "owner_id": "627315336549",
            "state": null,
            "tags": {
              "Name": "blog.devops4me.com"
            },
            "timeouts": null
          },
          "sensitive_attributes": []
        }
      ]
    },
    {
      "module": "module.atlantis",
      "mode": "managed",
      "type": "aws_eip",
      "name": "self",
      "provider": "provider[\"registry.terraform.io/hashicorp/aws\"]",
      "instances": [
        {
          "schema_version": 0,
          "attributes": {
            "address": null,
            "allocation_id": "eipalloc-004cdf949ebea45f2",
            "associate_with_private_ip": null,
            "association_id": "",
            "carrier_ip": "",
            "customer_owned_ip": "",
            "customer_owned_ipv4_pool": "",
            "domain": "vpc",
            "id": "eipalloc-004cdf949ebea45f2",
            "instance": "",
            "network_border_group": "ap-southeast-1",
            "network_interface": "",
            "private_dns": null,
            "private_ip": "",
            "public_dns": "ec2-54-255-87-29.ap-southeast-1.compute.amazonaws.com",
            "public_ip": "54.255.87.29",
            "public_ipv4_pool": "amazon",
            "tags": {
              "ManagedBy": "terraform",
              "Name": "atlantis-elastic-ip-26ea3f9a"
            },
            "tags_all": {
              "ManagedBy": "terraform",
              "Name": "atlantis-elastic-ip-26ea3f9a"
            },
            "timeouts": null,
            "vpc": true
          },
          "sensitive_attributes": [],
          "private": "eyJlMmJmYjczMC1lY2FhLTExZTYtOGY4OC0zNDM2M2JjN2M0YzAiOnsiZGVsZXRlIjoxODAwMDAwMDAwMDAsInJlYWQiOjkwMDAwMDAwMDAwMCwidXBkYXRlIjozMDAwMDAwMDAwMDB9fQ==",
          "dependencies": [
            "module.atlantis.random_id.self"
          ]
        }
      ]
    },
    {
      "module": "module.atlantis",
      "mode": "managed",
      "type": "aws_eip_association",
      "name": "self",
      "provider": "provider[\"registry.terraform.io/hashicorp/aws\"]",
      "instances": [
        {
          "schema_version": 0,
          "attributes": {
            "allocation_id": "eipalloc-004cdf949ebea45f2",
            "allow_reassociation": null,
            "id": "eipassoc-0205a87e8794de266",
            "instance_id": "i-06dfccc5b5d6548a6",
            "network_interface_id": "eni-0d0ddecb34cea01b5",
            "private_ip_address": "172.31.20.234",
            "public_ip": "54.255.87.29"
          },
          "sensitive_attributes": [],
          "private": "bnVsbA==",
          "dependencies": [
            "module.atlantis.aws_eip.self",
            "module.atlantis.aws_iam_instance_profile.self",
            "module.atlantis.aws_iam_role.atlantis",
            "module.atlantis.aws_instance.self",
            "module.atlantis.aws_key_pair.self",
            "module.atlantis.aws_security_group.self",
            "module.atlantis.data.aws_ami.focal",
            "module.atlantis.data.aws_iam_policy_document.ec2_trust_policy",
            "module.atlantis.data.aws_subnet.self",
            "module.atlantis.data.aws_subnet_ids.default",
            "module.atlantis.random_id.self"
          ]
        }
      ]
    },
    {
      "module": "module.atlantis",
      "mode": "managed",
      "type": "aws_iam_instance_profile",
      "name": "self",
      "provider": "provider[\"registry.terraform.io/hashicorp/aws\"]",
      "instances": [
        {
          "schema_version": 0,
          "attributes": {
            "arn": "arn:aws:iam::627315336549:instance-profile/atlantis-26ea3f9a",
            "create_date": "2023-02-18T05:49:52Z",
            "id": "atlantis-26ea3f9a",
            "name": "atlantis-26ea3f9a",
            "name_prefix": null,
            "path": "/",
            "role": "atlantis-26ea3f9a",
            "tags": null,
            "tags_all": {},
            "unique_id": "AIPAZEDXIMVS3C27FLCAF"
          },
          "sensitive_attributes": [],
          "private": "bnVsbA==",
          "dependencies": [
            "module.atlantis.aws_iam_role.atlantis",
            "module.atlantis.data.aws_iam_policy_document.ec2_trust_policy",
            "module.atlantis.random_id.self"
          ]
        }
      ]
    },
    {
      "module": "module.atlantis",
      "mode": "managed",
      "type": "aws_iam_role",
      "name": "atlantis",
      "provider": "provider[\"registry.terraform.io/hashicorp/aws\"]",
      "instances": [
        {
          "schema_version": 0,
          "attributes": {
            "arn": "arn:aws:iam::627315336549:role/atlantis-26ea3f9a",
            "assume_role_policy": "{\"Statement\":[{\"Action\":\"sts:AssumeRole\",\"Effect\":\"Allow\",\"Principal\":{\"Service\":\"ec2.amazonaws.com\"},\"Sid\":\"\"}],\"Version\":\"2012-10-17\"}",
            "create_date": "2023-02-18T05:49:50Z",
            "description": "This role is specific for Atlantis",
            "force_detach_policies": false,
            "id": "atlantis-26ea3f9a",
            "inline_policy": [],
            "managed_policy_arns": [],
            "max_session_duration": 3600,
            "name": "atlantis-26ea3f9a",
            "name_prefix": "",
            "path": "/",
            "permissions_boundary": null,
            "tags": {
              "ManagedBy": "terraform",
              "Name": "atlantis-26ea3f9a"
            },
            "tags_all": {
              "ManagedBy": "terraform",
              "Name": "atlantis-26ea3f9a"
            },
            "unique_id": "AROAZEDXIMVSUBNA22HMI"
          },
          "sensitive_attributes": [],
          "private": "bnVsbA==",
          "dependencies": [
            "module.atlantis.data.aws_iam_policy_document.ec2_trust_policy",
            "module.atlantis.random_id.self"
          ]
        }
      ]
    },
    {
      "module": "module.atlantis",
      "mode": "managed",
      "type": "aws_iam_role_policy_attachment",
      "name": "admin",
      "provider": "provider[\"registry.terraform.io/hashicorp/aws\"]",
      "instances": [
        {
          "index_key": 0,
          "schema_version": 0,
          "attributes": {
            "id": "atlantis-26ea3f9a-20230218054952158100000001",
            "policy_arn": "arn:aws:iam::aws:policy/AdministratorAccess",
            "role": "atlantis-26ea3f9a"
          },
          "sensitive_attributes": [],
          "private": "bnVsbA==",
          "dependencies": [
            "module.atlantis.aws_iam_role.atlantis",
            "module.atlantis.data.aws_iam_policy_document.ec2_trust_policy",
            "module.atlantis.random_id.self"
          ]
        }
      ]
    },
    {
      "module": "module.atlantis",
      "mode": "managed",
      "type": "aws_instance",
      "name": "self",
      "provider": "provider[\"registry.terraform.io/hashicorp/aws\"]",
      "instances": [
        {
          "schema_version": 1,
          "attributes": {
            "ami": "ami-0075a67de5ab4fa5e",
            "arn": "arn:aws:ec2:ap-southeast-1:627315336549:instance/i-06dfccc5b5d6548a6",
            "associate_public_ip_address": true,
            "availability_zone": "ap-southeast-1a",
            "capacity_reservation_specification": [
              {
                "capacity_reservation_preference": "open",
                "capacity_reservation_target": []
              }
            ],
            "cpu_core_count": 1,
            "cpu_threads_per_core": 2,
            "credit_specification": [
              {
                "cpu_credits": "unlimited"
              }
            ],
            "disable_api_stop": false,
            "disable_api_termination": false,
            "ebs_block_device": [],
            "ebs_optimized": false,
            "enclave_options": [
              {
                "enabled": false
              }
            ],
            "ephemeral_block_device": [],
            "get_password_data": false,
            "hibernation": false,
            "host_id": "",
            "host_resource_group_arn": null,
            "iam_instance_profile": "atlantis-26ea3f9a",
            "id": "i-06dfccc5b5d6548a6",
            "instance_initiated_shutdown_behavior": "stop",
            "instance_state": "running",
            "instance_type": "t3a.small",
            "ipv6_address_count": 0,
            "ipv6_addresses": [],
            "key_name": "atlantis-keypair-26ea3f9a",
            "launch_template": [],
            "maintenance_options": [
              {
                "auto_recovery": "default"
              }
            ],
            "metadata_options": [
              {
                "http_endpoint": "enabled",
                "http_put_response_hop_limit": 1,
                "http_tokens": "optional",
                "instance_metadata_tags": "disabled"
              }
            ],
            "monitoring": false,
            "network_interface": [],
            "outpost_arn": "",
            "password_data": "",
            "placement_group": "",
            "placement_partition_number": 0,
            "primary_network_interface_id": "eni-0d0ddecb34cea01b5",
            "private_dns": "ip-172-31-20-234.ap-southeast-1.compute.internal",
            "private_dns_name_options": [
              {
                "enable_resource_name_dns_a_record": false,
                "enable_resource_name_dns_aaaa_record": false,
                "hostname_type": "ip-name"
              }
            ],
            "private_ip": "172.31.20.234",
            "public_dns": "ec2-13-212-152-244.ap-southeast-1.compute.amazonaws.com",
            "public_ip": "13.212.152.244",
            "root_block_device": [
              {
                "delete_on_termination": true,
                "device_name": "/dev/sda1",
                "encrypted": true,
                "iops": 100,
                "kms_key_id": "arn:aws:kms:ap-southeast-1:627315336549:key/1d1d9afa-f8f6-45d2-8080-b9c5674a29f3",
                "tags": null,
                "throughput": 0,
                "volume_id": "vol-0e1be7fc10e5565fd",
                "volume_size": 20,
                "volume_type": "gp2"
              }
            ],
            "secondary_private_ips": [],
            "security_groups": [
              "atlantis-secgroup-26ea3f9a"
            ],
            "source_dest_check": true,
            "subnet_id": "subnet-072933a6322d83889",
            "tags": {
              "ManagedBy": "terraform",
              "Name": "atlantis-server"
            },
            "tags_all": {
              "ManagedBy": "terraform",
              "Name": "atlantis-server"
            },
            "tenancy": "default",
            "timeouts": null,
            "user_data": null,
            "user_data_base64": null,
            "user_data_replace_on_change": false,
            "volume_tags": null,
            "vpc_security_group_ids": [
              "sg-021d370c447a55d76"
            ]
          },
          "sensitive_attributes": [],
          "private": "eyJlMmJmYjczMC1lY2FhLTExZTYtOGY4OC0zNDM2M2JjN2M0YzAiOnsiY3JlYXRlIjo2MDAwMDAwMDAwMDAsImRlbGV0ZSI6MTIwMDAwMDAwMDAwMCwidXBkYXRlIjo2MDAwMDAwMDAwMDB9LCJzY2hlbWFfdmVyc2lvbiI6IjEifQ==",
          "dependencies": [
            "module.atlantis.aws_iam_instance_profile.self",
            "module.atlantis.aws_iam_role.atlantis",
            "module.atlantis.aws_key_pair.self",
            "module.atlantis.aws_security_group.self",
            "module.atlantis.data.aws_ami.focal",
            "module.atlantis.data.aws_iam_policy_document.ec2_trust_policy",
            "module.atlantis.data.aws_subnet.self",
            "module.atlantis.data.aws_subnet_ids.default",
            "module.atlantis.random_id.self"
          ]
        }
      ]
    },
    {
      "module": "module.atlantis",
      "mode": "managed",
      "type": "aws_key_pair",
      "name": "self",
      "provider": "provider[\"registry.terraform.io/hashicorp/aws\"]",
      "instances": [
        {
          "index_key": 0,
          "schema_version": 1,
          "attributes": {
            "arn": "arn:aws:ec2:ap-southeast-1:627315336549:key-pair/atlantis-keypair-26ea3f9a",
            "fingerprint": "c1:92:f3:ba:16:d8:4d:96:5c:7e:40:f3:01:d5:e3:3b",
            "id": "atlantis-keypair-26ea3f9a",
            "key_name": "atlantis-keypair-26ea3f9a",
            "key_name_prefix": "",
            "key_pair_id": "key-06310bdbcf52c5bb9",
            "key_type": "rsa",
            "public_key": "ssh-rsa AAAAB3NzaC1yc2EAAAADAQABAAABAQDI2lljsQwnugxxTgSETI1X2EDSCETNchn6fdatZ7Q2gcwjCItm/yBwFkjfezhcRHb1mCUJN4EfqTxODFZxJfKPNSS2bZXN9NuqQwOwu3BjLhJtPIO+HF+OZ9mzXSOjkAKcye7uEDjgciI7C3+P5pL1IvWHmNDRF5JxFrRfVuw9JEpk0Pha5qagd69TOo2nAP2nmS6GlnqBwJCcVgBVPqSSu1Qm9kkCx9dmIfG5h5zoLQHNuhrCwQCX1NSXQzxnnPdVwBvG8nmLcg2qdzj28jMS84BQDVj8PMvjA0vZbEtxJk7dzAuA2G2Pn6KAzcEWUvcxaiQDCKKgxOdDKitdhCNf najibradzuan@DevOps4Me-Global.local",
            "tags": {
              "ManagedBy": "terraform",
              "Name": "atlantis-server-key-26ea3f9a"
            },
            "tags_all": {
              "ManagedBy": "terraform",
              "Name": "atlantis-server-key-26ea3f9a"
            }
          },
          "sensitive_attributes": [],
          "private": "eyJzY2hlbWFfdmVyc2lvbiI6IjEifQ==",
          "dependencies": [
            "module.atlantis.random_id.self"
          ]
        }
      ]
    },
    {
      "module": "module.atlantis",
      "mode": "managed",
      "type": "aws_security_group",
      "name": "self",
      "provider": "provider[\"registry.terraform.io/hashicorp/aws\"]",
      "instances": [
        {
          "index_key": 0,
          "schema_version": 1,
          "attributes": {
            "arn": "arn:aws:ec2:ap-southeast-1:627315336549:security-group/sg-021d370c447a55d76",
            "description": "Security group to allow network inbound and outbound communication for Atlantis",
            "egress": [],
            "id": "sg-021d370c447a55d76",
            "ingress": [],
            "name": "atlantis-secgroup-26ea3f9a",
            "name_prefix": "",
            "owner_id": "627315336549",
            "revoke_rules_on_delete": false,
            "tags": {
              "ManagedBy": "terraform",
              "Name": "atlantis-secgroup-26ea3f9a"
            },
            "tags_all": {
              "ManagedBy": "terraform",
              "Name": "atlantis-secgroup-26ea3f9a"
            },
            "timeouts": null,
            "vpc_id": "vpc-07cfc94aee4a81d01"
          },
          "sensitive_attributes": [],
          "private": "eyJlMmJmYjczMC1lY2FhLTExZTYtOGY4OC0zNDM2M2JjN2M0YzAiOnsiY3JlYXRlIjo2MDAwMDAwMDAwMDAsImRlbGV0ZSI6OTAwMDAwMDAwMDAwfSwic2NoZW1hX3ZlcnNpb24iOiIxIn0=",
          "dependencies": [
            "module.atlantis.data.aws_subnet.self",
            "module.atlantis.random_id.self"
          ]
        }
      ]
    },
    {
      "module": "module.atlantis",
      "mode": "managed",
      "type": "aws_security_group_rule",
      "name": "allow_all",
      "provider": "provider[\"registry.terraform.io/hashicorp/aws\"]",
      "instances": [
        {
          "index_key": 0,
          "schema_version": 2,
          "attributes": {
            "cidr_blocks": [
              "0.0.0.0/0"
            ],
            "description": null,
            "from_port": 0,
            "id": "sgrule-141206599",
            "ipv6_cidr_blocks": [
              "::/0"
            ],
            "prefix_list_ids": null,
            "protocol": "-1",
            "security_group_id": "sg-021d370c447a55d76",
            "security_group_rule_id": "",
            "self": false,
            "source_security_group_id": null,
            "timeouts": null,
            "to_port": 0,
            "type": "egress"
          },
          "sensitive_attributes": [],
          "private": "eyJlMmJmYjczMC1lY2FhLTExZTYtOGY4OC0zNDM2M2JjN2M0YzAiOnsiY3JlYXRlIjozMDAwMDAwMDAwMDB9LCJzY2hlbWFfdmVyc2lvbiI6IjIifQ==",
          "dependencies": [
            "module.atlantis.aws_security_group.self",
            "module.atlantis.data.aws_subnet.self",
            "module.atlantis.random_id.self"
          ]
        }
      ]
    },
    {
      "module": "module.atlantis",
      "mode": "managed",
      "type": "aws_security_group_rule",
      "name": "allow_http",
      "provider": "provider[\"registry.terraform.io/hashicorp/aws\"]",
      "instances": [
        {
          "index_key": 0,
          "schema_version": 2,
          "attributes": {
            "cidr_blocks": [
              "0.0.0.0/0"
            ],
            "description": null,
            "from_port": 80,
            "id": "sgrule-1860494729",
            "ipv6_cidr_blocks": null,
            "prefix_list_ids": null,
            "protocol": "tcp",
            "security_group_id": "sg-021d370c447a55d76",
            "security_group_rule_id": "sgr-0d404627f3a79d302",
            "self": false,
            "source_security_group_id": null,
            "timeouts": null,
            "to_port": 80,
            "type": "ingress"
          },
          "sensitive_attributes": [],
          "private": "eyJlMmJmYjczMC1lY2FhLTExZTYtOGY4OC0zNDM2M2JjN2M0YzAiOnsiY3JlYXRlIjozMDAwMDAwMDAwMDB9LCJzY2hlbWFfdmVyc2lvbiI6IjIifQ==",
          "dependencies": [
            "module.atlantis.aws_security_group.self",
            "module.atlantis.data.aws_subnet.self",
            "module.atlantis.random_id.self"
          ]
        }
      ]
    },
    {
      "module": "module.atlantis",
      "mode": "managed",
      "type": "aws_security_group_rule",
      "name": "allow_https",
      "provider": "provider[\"registry.terraform.io/hashicorp/aws\"]",
      "instances": [
        {
          "index_key": 0,
          "schema_version": 2,
          "attributes": {
            "cidr_blocks": [
              "0.0.0.0/0"
            ],
            "description": null,
            "from_port": 443,
            "id": "sgrule-2617391587",
            "ipv6_cidr_blocks": null,
            "prefix_list_ids": null,
            "protocol": "tcp",
            "security_group_id": "sg-021d370c447a55d76",
            "security_group_rule_id": "sgr-025a8e0f6bfe57ba1",
            "self": false,
            "source_security_group_id": null,
            "timeouts": null,
            "to_port": 443,
            "type": "ingress"
          },
          "sensitive_attributes": [],
          "private": "eyJlMmJmYjczMC1lY2FhLTExZTYtOGY4OC0zNDM2M2JjN2M0YzAiOnsiY3JlYXRlIjozMDAwMDAwMDAwMDB9LCJzY2hlbWFfdmVyc2lvbiI6IjIifQ==",
          "dependencies": [
            "module.atlantis.aws_security_group.self",
            "module.atlantis.data.aws_subnet.self",
            "module.atlantis.random_id.self"
          ]
        }
      ]
    },
    {
      "module": "module.atlantis",
      "mode": "managed",
      "type": "aws_security_group_rule",
      "name": "allow_ssh",
      "provider": "provider[\"registry.terraform.io/hashicorp/aws\"]",
      "instances": [
        {
          "index_key": 0,
          "schema_version": 2,
          "attributes": {
            "cidr_blocks": [
              "0.0.0.0/0"
            ],
            "description": null,
            "from_port": 22,
            "id": "sgrule-3631134780",
            "ipv6_cidr_blocks": null,
            "prefix_list_ids": null,
            "protocol": "tcp",
            "security_group_id": "sg-021d370c447a55d76",
            "security_group_rule_id": "sgr-06fef862079860b23",
            "self": false,
            "source_security_group_id": null,
            "timeouts": null,
            "to_port": 22,
            "type": "ingress"
          },
          "sensitive_attributes": [],
          "private": "eyJlMmJmYjczMC1lY2FhLTExZTYtOGY4OC0zNDM2M2JjN2M0YzAiOnsiY3JlYXRlIjozMDAwMDAwMDAwMDB9LCJzY2hlbWFfdmVyc2lvbiI6IjIifQ==",
          "dependencies": [
            "module.atlantis.aws_security_group.self",
            "module.atlantis.data.aws_subnet.self",
            "module.atlantis.random_id.self"
          ]
        }
      ]
    },
    {
      "module": "module.atlantis",
      "mode": "managed",
      "type": "random_id",
      "name": "self",
      "provider": "provider[\"registry.terraform.io/hashicorp/random\"]",
      "instances": [
        {
          "schema_version": 0,
          "attributes": {
            "b64_std": "Juo/mg==",
            "b64_url": "Juo_mg",
            "byte_length": 4,
            "dec": "652885914",
            "hex": "26ea3f9a",
            "id": "Juo_mg",
            "keepers": null,
            "prefix": null
          },
          "sensitive_attributes": []
        }
      ]
    }
  ],
  "check_results": null
}
